
Microsoft Visual Studio Solution File, Format Version 12.00
# Visual Studio Version 16
VisualStudioVersion = 16.0.31313.79
MinimumVisualStudioVersion = 10.0.40219.1
Project("{9A19103F-16F7-4668-BE54-9A1E7A4F7556}") = "RoulettePlay.Api", "RoulettePlay.Api.csproj", "{1BC8AE76-226D-48DF-BF6F-3899685BD15D}"
EndProject
Project("{9A19103F-16F7-4668-BE54-9A1E7A4F7556}") = "RoulettePlay.Entities", "Entities\RoulettePlay.Entities.csproj", "{EE1C32BB-0425-4412-97D2-E903B811922F}"
EndProject
Project("{9A19103F-16F7-4668-BE54-9A1E7A4F7556}") = "RoulettePlay.Services", "Services\RoulettePlay.Services.csproj", "{F33D6EC2-93C6-417E-ACAB-3CCB98AE88F0}"
EndProject
Global
	GlobalSection(SolutionConfigurationPlatforms) = preSolution
		Debug|Any CPU = Debug|Any CPU
		Release|Any CPU = Release|Any CPU
	EndGlobalSection
	GlobalSection(ProjectConfigurationPlatforms) = postSolution
		{1BC8AE76-226D-48DF-BF6F-3899685BD15D}.Debug|Any CPU.ActiveCfg = Debug|Any CPU
		{1BC8AE76-226D-48DF-BF6F-3899685BD15D}.Debug|Any CPU.Build.0 = Debug|Any CPU
		{1BC8AE76-226D-48DF-BF6F-3899685BD15D}.Release|Any CPU.ActiveCfg = Release|Any CPU
		{1BC8AE76-226D-48DF-BF6F-3899685BD15D}.Release|Any CPU.Build.0 = Release|Any CPU
		{EE1C32BB-0425-4412-97D2-E903B811922F}.Debug|Any CPU.ActiveCfg = Debug|Any CPU
		{EE1C32BB-0425-4412-97D2-E903B811922F}.Debug|Any CPU.Build.0 = Debug|Any CPU
		{EE1C32BB-0425-4412-97D2-E903B811922F}.Release|Any CPU.ActiveCfg = Release|Any CPU
		{EE1C32BB-0425-4412-97D2-E903B811922F}.Release|Any CPU.Build.0 = Release|Any CPU
		{F33D6EC2-93C6-417E-ACAB-3CCB98AE88F0}.Debug|Any CPU.ActiveCfg = Debug|Any CPU
		{F33D6EC2-93C6-417E-ACAB-3CCB98AE88F0}.Debug|Any CPU.Build.0 = Debug|Any CPU
		{F33D6EC2-93C6-417E-ACAB-3CCB98AE88F0}.Release|Any CPU.ActiveCfg = Release|Any CPU
		{F33D6EC2-93C6-417E-ACAB-3CCB98AE88F0}.Release|Any CPU.Build.0 = Release|Any CPU
	EndGlobalSection
	GlobalSection(SolutionProperties) = preSolution
		HideSolutionNode = FALSE
	EndGlobalSection
	GlobalSection(ExtensibilityGlobals) = postSolution
		SolutionGuid = {6E087E61-0ABA-45DF-AEC9-52240790F374}
	EndGlobalSection
EndGlobal
